
Microsoft Visual Studio Solution File, Format Version 12.00
# Visual Studio Version 16
VisualStudioVersion = 16.0.31624.102
MinimumVisualStudioVersion = 10.0.40219.1
Project("{FAE04EC0-301F-11D3-BF4B-00C04F79EFBC}") = "Chapter 2 YAHOO SHWING", "Chapter 2 YAHOO SHWING.csproj", "{5E55293D-244C-4D47-9E59-24C970D026D6}"
EndProject
Global
	GlobalSection(SolutionConfigurationPlatforms) = preSolution
		Debug|Any CPU = Debug|Any CPU
		Release|Any CPU = Release|Any CPU
	EndGlobalSection
	GlobalSection(ProjectConfigurationPlatforms) = postSolution
		{5E55293D-244C-4D47-9E59-24C970D026D6}.Debug|Any CPU.ActiveCfg = Debug|Any CPU
		{5E55293D-244C-4D47-9E59-24C970D026D6}.Debug|Any CPU.Build.0 = Debug|Any CPU
		{5E55293D-244C-4D47-9E59-24C970D026D6}.Release|Any CPU.ActiveCfg = Release|Any CPU
		{5E55293D-244C-4D47-9E59-24C970D026D6}.Release|Any CPU.Build.0 = Release|Any CPU
	EndGlobalSection
	GlobalSection(SolutionProperties) = preSolution
		HideSolutionNode = FALSE
	EndGlobalSection
	GlobalSection(ExtensibilityGlobals) = postSolution
		SolutionGuid = {993DA3B4-B476-46E2-ABF6-F8F79FF5B8CD}
	EndGlobalSection
EndGlobal
